
Microsoft Visual Studio Solution File, Format Version 12.00
# Visual Studio Version 17
VisualStudioVersion = 17.11.35312.102
MinimumVisualStudioVersion = 10.0.40219.1
Project("{2150E333-8FDC-42A3-9474-1A3956D46DE8}") = "FrontEnd", "FrontEnd", "{D8896824-13C0-4712-9142-5A499D02029D}"
EndProject
Project("{9A19103F-16F7-4668-BE54-9A1E7A4F7556}") = "Mango.Web", "FrontEnd\Mango.Web\Mango.Web.csproj", "{AE56DA03-E628-4130-A1B2-6404465D4205}"
EndProject
Project("{2150E333-8FDC-42A3-9474-1A3956D46DE8}") = "Services", "Services", "{B6963285-DF34-428F-BB53-FF8620713DDD}"
EndProject
Project("{9A19103F-16F7-4668-BE54-9A1E7A4F7556}") = "Mango.Services.Identity", "Services\Mango.Services.Identity\Mango.Services.Identity.csproj", "{A996A111-E0C5-442E-91D2-56970C93DE69}"
EndProject
Project("{9A19103F-16F7-4668-BE54-9A1E7A4F7556}") = "Mango.Services.ProductAPI", "Services\Mango.Services.ProductAPI\Mango.Services.ProductAPI.csproj", "{F985A379-349C-4A68-919F-EB6BB003A2C9}"
EndProject
Global
	GlobalSection(SolutionConfigurationPlatforms) = preSolution
		Debug|Any CPU = Debug|Any CPU
		Release|Any CPU = Release|Any CPU
	EndGlobalSection
	GlobalSection(ProjectConfigurationPlatforms) = postSolution
		{AE56DA03-E628-4130-A1B2-6404465D4205}.Debug|Any CPU.ActiveCfg = Debug|Any CPU
		{AE56DA03-E628-4130-A1B2-6404465D4205}.Debug|Any CPU.Build.0 = Debug|Any CPU
		{AE56DA03-E628-4130-A1B2-6404465D4205}.Release|Any CPU.ActiveCfg = Release|Any CPU
		{AE56DA03-E628-4130-A1B2-6404465D4205}.Release|Any CPU.Build.0 = Release|Any CPU
		{A996A111-E0C5-442E-91D2-56970C93DE69}.Debug|Any CPU.ActiveCfg = Debug|Any CPU
		{A996A111-E0C5-442E-91D2-56970C93DE69}.Debug|Any CPU.Build.0 = Debug|Any CPU
		{A996A111-E0C5-442E-91D2-56970C93DE69}.Release|Any CPU.ActiveCfg = Release|Any CPU
		{A996A111-E0C5-442E-91D2-56970C93DE69}.Release|Any CPU.Build.0 = Release|Any CPU
		{F985A379-349C-4A68-919F-EB6BB003A2C9}.Debug|Any CPU.ActiveCfg = Debug|Any CPU
		{F985A379-349C-4A68-919F-EB6BB003A2C9}.Debug|Any CPU.Build.0 = Debug|Any CPU
		{F985A379-349C-4A68-919F-EB6BB003A2C9}.Release|Any CPU.ActiveCfg = Release|Any CPU
		{F985A379-349C-4A68-919F-EB6BB003A2C9}.Release|Any CPU.Build.0 = Release|Any CPU
	EndGlobalSection
	GlobalSection(SolutionProperties) = preSolution
		HideSolutionNode = FALSE
	EndGlobalSection
	GlobalSection(NestedProjects) = preSolution
		{AE56DA03-E628-4130-A1B2-6404465D4205} = {D8896824-13C0-4712-9142-5A499D02029D}
		{A996A111-E0C5-442E-91D2-56970C93DE69} = {B6963285-DF34-428F-BB53-FF8620713DDD}
		{F985A379-349C-4A68-919F-EB6BB003A2C9} = {B6963285-DF34-428F-BB53-FF8620713DDD}
	EndGlobalSection
	GlobalSection(ExtensibilityGlobals) = postSolution
		SolutionGuid = {F0DEA740-C545-42A0-BD59-310A830FC279}
	EndGlobalSection
EndGlobal
