
Microsoft Visual Studio Solution File, Format Version 12.00
# Visual Studio Version 17
VisualStudioVersion = 17.11.35312.102
MinimumVisualStudioVersion = 10.0.40219.1
Project("{2150E333-8FDC-42A3-9474-1A3956D46DE8}") = "FrontEnd", "FrontEnd", "{D8896824-13C0-4712-9142-5A499D02029D}"
EndProject
Project("{9A19103F-16F7-4668-BE54-9A1E7A4F7556}") = "Mango.Web", "FrontEnd\Mango.Web\Mango.Web.csproj", "{AE56DA03-E628-4130-A1B2-6404465D4205}"
EndProject
Project("{2150E333-8FDC-42A3-9474-1A3956D46DE8}") = "Services", "Services", "{B6963285-DF34-428F-BB53-FF8620713DDD}"
EndProject
Project("{9A19103F-16F7-4668-BE54-9A1E7A4F7556}") = "Mango.Services.Identity", "Services\Mango.Services.Identity\Mango.Services.Identity.csproj", "{A996A111-E0C5-442E-91D2-56970C93DE69}"
EndProject
Project("{9A19103F-16F7-4668-BE54-9A1E7A4F7556}") = "Mango.Services.ProductAPI", "Services\Mango.Services.ProductAPI\Mango.Services.ProductAPI.csproj", "{F985A379-349C-4A68-919F-EB6BB003A2C9}"
EndProject
Project("{9A19103F-16F7-4668-BE54-9A1E7A4F7556}") = "Mango.Services.ShoppingCartAPI", "Services\Mango.Services.ShoppingCartAPI\Mango.Services.ShoppingCartAPI.csproj", "{AAB6612B-C897-41C5-9B13-FBC7BD7A4942}"
EndProject
Project("{9A19103F-16F7-4668-BE54-9A1E7A4F7556}") = "Mango.Services.CouponAPI", "Services\Mango.Services.CouponAPI\Mango.Services.CouponAPI.csproj", "{FD8DB1D8-815F-4D83-9ED3-AC27B7486167}"
EndProject
Project("{2150E333-8FDC-42A3-9474-1A3956D46DE8}") = "Integration", "Integration", "{86695523-6441-4D55-BFAC-2DFAA5885A08}"
EndProject
Project("{9A19103F-16F7-4668-BE54-9A1E7A4F7556}") = "Mango.MessageBus", "Integration\Mango.MessageBus\Mango.MessageBus.csproj", "{97F5C69E-908F-463F-9ECC-D653C29C038F}"
EndProject
Project("{9A19103F-16F7-4668-BE54-9A1E7A4F7556}") = "Mango.Services.OrderAPI", "Services\Mango.Services.OrderAPI\Mango.Services.OrderAPI.csproj", "{04B5F761-CC39-4C26-A208-15B907F87F0A}"
EndProject
Project("{2150E333-8FDC-42A3-9474-1A3956D46DE8}") = "Payments", "Payments", "{361DB206-F830-40A3-93A6-D0A95CF7785A}"
EndProject
Project("{9A19103F-16F7-4668-BE54-9A1E7A4F7556}") = "PaymentProcessor", "Payments\PaymentProcessor\PaymentProcessor.csproj", "{4FAE8465-B1B3-4531-A6CA-3B8B83C11820}"
EndProject
Project("{9A19103F-16F7-4668-BE54-9A1E7A4F7556}") = "Mango.Services.PaymentAPI", "Services\Mango.Services.PaymentAPI\Mango.Services.PaymentAPI.csproj", "{46C3DE97-8E91-4FB8-89F9-81A977FF27A4}"
EndProject
Project("{FAE04EC0-301F-11D3-BF4B-00C04F79EFBC}") = "Mango.Services.Email", "Services\Mango.Services.Email\Mango.Services.Email.csproj", "{B71BCFEE-64C4-40FE-A90D-5AD95FC85C7D}"
EndProject
Project("{2150E333-8FDC-42A3-9474-1A3956D46DE8}") = "Gateway", "Gateway", "{86AABACC-A6AC-4F3D-AE0A-988C5AD6D7F0}"
EndProject
Project("{FAE04EC0-301F-11D3-BF4B-00C04F79EFBC}") = "Mango.GatewaySolution", "Gateway\Mango.GatewaySolution\Mango.GatewaySolution.csproj", "{B3F9477C-BB59-4957-91EB-CEF179C90229}"
EndProject
Global
	GlobalSection(SolutionConfigurationPlatforms) = preSolution
		Debug|Any CPU = Debug|Any CPU
		Release|Any CPU = Release|Any CPU
	EndGlobalSection
	GlobalSection(ProjectConfigurationPlatforms) = postSolution
		{AE56DA03-E628-4130-A1B2-6404465D4205}.Debug|Any CPU.ActiveCfg = Debug|Any CPU
		{AE56DA03-E628-4130-A1B2-6404465D4205}.Debug|Any CPU.Build.0 = Debug|Any CPU
		{AE56DA03-E628-4130-A1B2-6404465D4205}.Release|Any CPU.ActiveCfg = Release|Any CPU
		{AE56DA03-E628-4130-A1B2-6404465D4205}.Release|Any CPU.Build.0 = Release|Any CPU
		{A996A111-E0C5-442E-91D2-56970C93DE69}.Debug|Any CPU.ActiveCfg = Debug|Any CPU
		{A996A111-E0C5-442E-91D2-56970C93DE69}.Debug|Any CPU.Build.0 = Debug|Any CPU
		{A996A111-E0C5-442E-91D2-56970C93DE69}.Release|Any CPU.ActiveCfg = Release|Any CPU
		{A996A111-E0C5-442E-91D2-56970C93DE69}.Release|Any CPU.Build.0 = Release|Any CPU
		{F985A379-349C-4A68-919F-EB6BB003A2C9}.Debug|Any CPU.ActiveCfg = Debug|Any CPU
		{F985A379-349C-4A68-919F-EB6BB003A2C9}.Debug|Any CPU.Build.0 = Debug|Any CPU
		{F985A379-349C-4A68-919F-EB6BB003A2C9}.Release|Any CPU.ActiveCfg = Release|Any CPU
		{F985A379-349C-4A68-919F-EB6BB003A2C9}.Release|Any CPU.Build.0 = Release|Any CPU
		{AAB6612B-C897-41C5-9B13-FBC7BD7A4942}.Debug|Any CPU.ActiveCfg = Debug|Any CPU
		{AAB6612B-C897-41C5-9B13-FBC7BD7A4942}.Debug|Any CPU.Build.0 = Debug|Any CPU
		{AAB6612B-C897-41C5-9B13-FBC7BD7A4942}.Release|Any CPU.ActiveCfg = Release|Any CPU
		{AAB6612B-C897-41C5-9B13-FBC7BD7A4942}.Release|Any CPU.Build.0 = Release|Any CPU
		{FD8DB1D8-815F-4D83-9ED3-AC27B7486167}.Debug|Any CPU.ActiveCfg = Debug|Any CPU
		{FD8DB1D8-815F-4D83-9ED3-AC27B7486167}.Debug|Any CPU.Build.0 = Debug|Any CPU
		{FD8DB1D8-815F-4D83-9ED3-AC27B7486167}.Release|Any CPU.ActiveCfg = Release|Any CPU
		{FD8DB1D8-815F-4D83-9ED3-AC27B7486167}.Release|Any CPU.Build.0 = Release|Any CPU
		{97F5C69E-908F-463F-9ECC-D653C29C038F}.Debug|Any CPU.ActiveCfg = Debug|Any CPU
		{97F5C69E-908F-463F-9ECC-D653C29C038F}.Debug|Any CPU.Build.0 = Debug|Any CPU
		{97F5C69E-908F-463F-9ECC-D653C29C038F}.Release|Any CPU.ActiveCfg = Release|Any CPU
		{97F5C69E-908F-463F-9ECC-D653C29C038F}.Release|Any CPU.Build.0 = Release|Any CPU
		{04B5F761-CC39-4C26-A208-15B907F87F0A}.Debug|Any CPU.ActiveCfg = Debug|Any CPU
		{04B5F761-CC39-4C26-A208-15B907F87F0A}.Debug|Any CPU.Build.0 = Debug|Any CPU
		{04B5F761-CC39-4C26-A208-15B907F87F0A}.Release|Any CPU.ActiveCfg = Release|Any CPU
		{04B5F761-CC39-4C26-A208-15B907F87F0A}.Release|Any CPU.Build.0 = Release|Any CPU
		{4FAE8465-B1B3-4531-A6CA-3B8B83C11820}.Debug|Any CPU.ActiveCfg = Debug|Any CPU
		{4FAE8465-B1B3-4531-A6CA-3B8B83C11820}.Debug|Any CPU.Build.0 = Debug|Any CPU
		{4FAE8465-B1B3-4531-A6CA-3B8B83C11820}.Release|Any CPU.ActiveCfg = Release|Any CPU
		{4FAE8465-B1B3-4531-A6CA-3B8B83C11820}.Release|Any CPU.Build.0 = Release|Any CPU
		{46C3DE97-8E91-4FB8-89F9-81A977FF27A4}.Debug|Any CPU.ActiveCfg = Debug|Any CPU
		{46C3DE97-8E91-4FB8-89F9-81A977FF27A4}.Debug|Any CPU.Build.0 = Debug|Any CPU
		{46C3DE97-8E91-4FB8-89F9-81A977FF27A4}.Release|Any CPU.ActiveCfg = Release|Any CPU
		{46C3DE97-8E91-4FB8-89F9-81A977FF27A4}.Release|Any CPU.Build.0 = Release|Any CPU
		{B71BCFEE-64C4-40FE-A90D-5AD95FC85C7D}.Debug|Any CPU.ActiveCfg = Debug|Any CPU
		{B71BCFEE-64C4-40FE-A90D-5AD95FC85C7D}.Debug|Any CPU.Build.0 = Debug|Any CPU
		{B71BCFEE-64C4-40FE-A90D-5AD95FC85C7D}.Release|Any CPU.ActiveCfg = Release|Any CPU
		{B71BCFEE-64C4-40FE-A90D-5AD95FC85C7D}.Release|Any CPU.Build.0 = Release|Any CPU
		{B3F9477C-BB59-4957-91EB-CEF179C90229}.Debug|Any CPU.ActiveCfg = Debug|Any CPU
		{B3F9477C-BB59-4957-91EB-CEF179C90229}.Debug|Any CPU.Build.0 = Debug|Any CPU
		{B3F9477C-BB59-4957-91EB-CEF179C90229}.Release|Any CPU.ActiveCfg = Release|Any CPU
		{B3F9477C-BB59-4957-91EB-CEF179C90229}.Release|Any CPU.Build.0 = Release|Any CPU
	EndGlobalSection
	GlobalSection(SolutionProperties) = preSolution
		HideSolutionNode = FALSE
	EndGlobalSection
	GlobalSection(NestedProjects) = preSolution
		{AE56DA03-E628-4130-A1B2-6404465D4205} = {D8896824-13C0-4712-9142-5A499D02029D}
		{A996A111-E0C5-442E-91D2-56970C93DE69} = {B6963285-DF34-428F-BB53-FF8620713DDD}
		{F985A379-349C-4A68-919F-EB6BB003A2C9} = {B6963285-DF34-428F-BB53-FF8620713DDD}
		{AAB6612B-C897-41C5-9B13-FBC7BD7A4942} = {B6963285-DF34-428F-BB53-FF8620713DDD}
		{FD8DB1D8-815F-4D83-9ED3-AC27B7486167} = {B6963285-DF34-428F-BB53-FF8620713DDD}
		{97F5C69E-908F-463F-9ECC-D653C29C038F} = {86695523-6441-4D55-BFAC-2DFAA5885A08}
		{04B5F761-CC39-4C26-A208-15B907F87F0A} = {B6963285-DF34-428F-BB53-FF8620713DDD}
		{4FAE8465-B1B3-4531-A6CA-3B8B83C11820} = {361DB206-F830-40A3-93A6-D0A95CF7785A}
		{46C3DE97-8E91-4FB8-89F9-81A977FF27A4} = {B6963285-DF34-428F-BB53-FF8620713DDD}
		{B71BCFEE-64C4-40FE-A90D-5AD95FC85C7D} = {B6963285-DF34-428F-BB53-FF8620713DDD}
		{B3F9477C-BB59-4957-91EB-CEF179C90229} = {86AABACC-A6AC-4F3D-AE0A-988C5AD6D7F0}
	EndGlobalSection
	GlobalSection(ExtensibilityGlobals) = postSolution
		SolutionGuid = {F0DEA740-C545-42A0-BD59-310A830FC279}
	EndGlobalSection
EndGlobal
